
Microsoft Visual Studio Solution File, Format Version 12.00
# Visual Studio Version 17
VisualStudioVersion = 17.2.32602.215
MinimumVisualStudioVersion = 10.0.40219.1
Project("{FAE04EC0-301F-11D3-BF4B-00C04F79EFBC}") = "jpLocationInfo", "jpLocationInfo.csproj", "{59B6861C-1A2C-4A89-B2F9-550FAB48DFE9}"
EndProject
Global
	GlobalSection(SolutionConfigurationPlatforms) = preSolution
		Debug|Any CPU = Debug|Any CPU
		Release|Any CPU = Release|Any CPU
	EndGlobalSection
	GlobalSection(ProjectConfigurationPlatforms) = postSolution
		{59B6861C-1A2C-4A89-B2F9-550FAB48DFE9}.Debug|Any CPU.ActiveCfg = Debug|Any CPU
		{59B6861C-1A2C-4A89-B2F9-550FAB48DFE9}.Debug|Any CPU.Build.0 = Debug|Any CPU
		{59B6861C-1A2C-4A89-B2F9-550FAB48DFE9}.Release|Any CPU.ActiveCfg = Release|Any CPU
		{59B6861C-1A2C-4A89-B2F9-550FAB48DFE9}.Release|Any CPU.Build.0 = Release|Any CPU
	EndGlobalSection
	GlobalSection(SolutionProperties) = preSolution
		HideSolutionNode = FALSE
	EndGlobalSection
	GlobalSection(ExtensibilityGlobals) = postSolution
		SolutionGuid = {F31C8E91-A8D3-4D47-9421-825720907B48}
	EndGlobalSection
EndGlobal
